
Microsoft Visual Studio Solution File, Format Version 12.00
# Visual Studio Version 17
VisualStudioVersion = 17.2.32630.192
MinimumVisualStudioVersion = 10.0.40219.1
Project("{FAE04EC0-301F-11D3-BF4B-00C04F79EFBC}") = "ComboBox", "ComboBox\ComboBox.csproj", "{10094DE8-49CC-4D02-8759-BB08B36A534B}"
EndProject
Global
	GlobalSection(SolutionConfigurationPlatforms) = preSolution
		Debug|Any CPU = Debug|Any CPU
		Release|Any CPU = Release|Any CPU
	EndGlobalSection
	GlobalSection(ProjectConfigurationPlatforms) = postSolution
		{10094DE8-49CC-4D02-8759-BB08B36A534B}.Debug|Any CPU.ActiveCfg = Debug|Any CPU
		{10094DE8-49CC-4D02-8759-BB08B36A534B}.Debug|Any CPU.Build.0 = Debug|Any CPU
		{10094DE8-49CC-4D02-8759-BB08B36A534B}.Release|Any CPU.ActiveCfg = Release|Any CPU
		{10094DE8-49CC-4D02-8759-BB08B36A534B}.Release|Any CPU.Build.0 = Release|Any CPU
	EndGlobalSection
	GlobalSection(SolutionProperties) = preSolution
		HideSolutionNode = FALSE
	EndGlobalSection
	GlobalSection(ExtensibilityGlobals) = postSolution
		SolutionGuid = {92CB2495-6260-47EE-B869-39B3BD6C5BD1}
	EndGlobalSection
EndGlobal
